
Microsoft Visual Studio Solution File, Format Version 12.00
# Visual Studio Version 17
VisualStudioVersion = 17.11.35327.3
MinimumVisualStudioVersion = 10.0.40219.1
Project("{FAE04EC0-301F-11D3-BF4B-00C04F79EFBC}") = "Ejercicio 5", "Ejercicio 5.csproj", "{9E7CE831-F643-460E-9612-FB6CAF14FEEF}"
EndProject
Global
	GlobalSection(SolutionConfigurationPlatforms) = preSolution
		Debug|Any CPU = Debug|Any CPU
		Release|Any CPU = Release|Any CPU
	EndGlobalSection
	GlobalSection(ProjectConfigurationPlatforms) = postSolution
		{9E7CE831-F643-460E-9612-FB6CAF14FEEF}.Debug|Any CPU.ActiveCfg = Debug|Any CPU
		{9E7CE831-F643-460E-9612-FB6CAF14FEEF}.Debug|Any CPU.Build.0 = Debug|Any CPU
		{9E7CE831-F643-460E-9612-FB6CAF14FEEF}.Release|Any CPU.ActiveCfg = Release|Any CPU
		{9E7CE831-F643-460E-9612-FB6CAF14FEEF}.Release|Any CPU.Build.0 = Release|Any CPU
	EndGlobalSection
	GlobalSection(SolutionProperties) = preSolution
		HideSolutionNode = FALSE
	EndGlobalSection
	GlobalSection(ExtensibilityGlobals) = postSolution
		SolutionGuid = {504017A4-629D-4094-A670-4717F1B10B39}
	EndGlobalSection
EndGlobal
